// !$*UTF8*$!
{
	archiveVersion = 1;
	classes = {
	};
	objectVersion = 46;
	objects = {

/* Begin PBXBuildFile section */
		9FB17B2F1B33325A0044D47C /* main.m in Sources */ = {isa = PBXBuildFile; fileRef = 9FB17B2E1B33325A0044D47C /* main.m */; };
		9FB17B321B33325A0044D47C /* AppDelegate.m in Sources */ = {isa = PBXBuildFile; fileRef = 9FB17B311B33325A0044D47C /* AppDelegate.m */; };
		9FB17B351B33325A0044D47C /* FirstViewController.m in Sources */ = {isa = PBXBuildFile; fileRef = 9FB17B341B33325A0044D47C /* FirstViewController.m */; };
		9FB17B381B33325A0044D47C /* SecondViewController.m in Sources */ = {isa = PBXBuildFile; fileRef = 9FB17B371B33325A0044D47C /* SecondViewController.m */; };
		9FB17B3B1B33325A0044D47C /* Main.storyboard in Resources */ = {isa = PBXBuildFile; fileRef = 9FB17B391B33325A0044D47C /* Main.storyboard */; };
		9FB17B3D1B33325A0044D47C /* Images.xcassets in Resources */ = {isa = PBXBuildFile; fileRef = 9FB17B3C1B33325A0044D47C /* Images.xcassets */; };
		9FB17B401B33325A0044D47C /* LaunchScreen.xib in Resources */ = {isa = PBXBuildFile; fileRef = 9FB17B3E1B33325A0044D47C /* LaunchScreen.xib */; };
		9FB17B4C1B33325A0044D47C /* Iron_Lunch_DCTests.m in Sources */ = {isa = PBXBuildFile; fileRef = 9FB17B4B1B33325A0044D47C /* Iron_Lunch_DCTests.m */; };
/* End PBXBuildFile section */

/* Begin PBXContainerItemProxy section */
		9FB17B461B33325A0044D47C /* PBXContainerItemProxy */ = {
			isa = PBXContainerItemProxy;
			containerPortal = 9FB17B211B3332590044D47C /* Project object */;
			proxyType = 1;
			remoteGlobalIDString = 9FB17B281B33325A0044D47C;
			remoteInfo = "Iron Lunch DC";
		};
/* End PBXContainerItemProxy section */

/* Begin PBXFileReference section */
		9FB17B291B33325A0044D47C /* Iron Lunch DC.app */ = {isa = PBXFileReference; explicitFileType = wrapper.application; includeInIndex = 0; path = "Iron Lunch DC.app"; sourceTree = BUILT_PRODUCTS_DIR; };
		9FB17B2D1B33325A0044D47C /* Info.plist */ = {isa = PBXFileReference; lastKnownFileType = text.plist.xml; path = Info.plist; sourceTree = "<group>"; };
		9FB17B2E1B33325A0044D47C /* main.m */ = {isa = PBXFileReference; lastKnownFileType = sourcecode.c.objc; path = main.m; sourceTree = "<group>"; };
		9FB17B301B33325A0044D47C /* AppDelegate.h */ = {isa = PBXFileReference; lastKnownFileType = sourcecode.c.h; path = AppDelegate.h; sourceTree = "<group>"; };
		9FB17B311B33325A0044D47C /* AppDelegate.m */ = {isa = PBXFileReference; lastKnownFileType = sourcecode.c.objc; path = AppDelegate.m; sourceTree = "<group>"; };
		9FB17B331B33325A0044D47C /* FirstViewController.h */ = {isa = PBXFileReference; lastKnownFileType = sourcecode.c.h; path = FirstViewController.h; sourceTree = "<group>"; };
		9FB17B341B33325A0044D47C /* FirstViewController.m */ = {isa = PBXFileReference; lastKnownFileType = sourcecode.c.objc; path = FirstViewController.m; sourceTree = "<group>"; };
		9FB17B361B33325A0044D47C /* SecondViewController.h */ = {isa = PBXFileReference; lastKnownFileType = sourcecode.c.h; path = SecondViewController.h; sourceTree = "<group>"; };
		9FB17B371B33325A0044D47C /* SecondViewController.m */ = {isa = PBXFileReference; lastKnownFileType = sourcecode.c.objc; path = SecondViewController.m; sourceTree = "<group>"; };
		9FB17B3A1B33325A0044D47C /* Base */ = {isa = PBXFileReference; lastKnownFileType = file.storyboard; name = Base; path = Base.lproj/Main.storyboard; sourceTree = "<group>"; };
		9FB17B3C1B33325A0044D47C /* Images.xcassets */ = {isa = PBXFileReference; lastKnownFileType = folder.assetcatalog; path = Images.xcassets; sourceTree = "<group>"; };
		9FB17B3F1B33325A0044D47C /* Base */ = {isa = PBXFileReference; lastKnownFileType = file.xib; name = Base; path = Base.lproj/LaunchScreen.xib; sourceTree = "<group>"; };
		9FB17B451B33325A0044D47C /* Iron Lunch DCTests.xctest */ = {isa = PBXFileReference; explicitFileType = wrapper.cfbundle; includeInIndex = 0; path = "Iron Lunch DCTests.xctest"; sourceTree = BUILT_PRODUCTS_DIR; };
		9FB17B4A1B33325A0044D47C /* Info.plist */ = {isa = PBXFileReference; lastKnownFileType = text.plist.xml; path = Info.plist; sourceTree = "<group>"; };
		9FB17B4B1B33325A0044D47C /* Iron_Lunch_DCTests.m */ = {isa = PBXFileReference; lastKnownFileType = sourcecode.c.objc; path = Iron_Lunch_DCTests.m; sourceTree = "<group>"; };
/* End PBXFileReference section */

/* Begin PBXFrameworksBuildPhase section */
		9FB17B261B33325A0044D47C /* Frameworks */ = {
			isa = PBXFrameworksBuildPhase;
			buildActionMask = 2147483647;
			files = (
			);
			runOnlyForDeploymentPostprocessing = 0;
		};
		9FB17B421B33325A0044D47C /* Frameworks */ = {
			isa = PBXFrameworksBuildPhase;
			buildActionMask = 2147483647;
			files = (
			);
			runOnlyForDeploymentPostprocessing = 0;
		};
/* End PBXFrameworksBuildPhase section */

/* Begin PBXGroup section */
		9FB17B201B3332590044D47C = {
			isa = PBXGroup;
			children = (
				9FB17B2B1B33325A0044D47C /* Iron Lunch DC */,
				9FB17B481B33325A0044D47C /* Iron Lunch DCTests */,
				9FB17B2A1B33325A0044D47C /* Products */,
			);
			sourceTree = "<group>";
		};
		9FB17B2A1B33325A0044D47C /* Products */ = {
			isa = PBXGroup;
			children = (
				9FB17B291B33325A0044D47C /* Iron Lunch DC.app */,
				9FB17B451B33325A0044D47C /* Iron Lunch DCTests.xctest */,
			);
			name = Products;
			sourceTree = "<group>";
		};
		9FB17B2B1B33325A0044D47C /* Iron Lunch DC */ = {
			isa = PBXGroup;
			children = (
				9FB17B301B33325A0044D47C /* AppDelegate.h */,
				9FB17B311B33325A0044D47C /* AppDelegate.m */,
				9FB17B331B33325A0044D47C /* FirstViewController.h */,
				9FB17B341B33325A0044D47C /* FirstViewController.m */,
				9FB17B361B33325A0044D47C /* SecondViewController.h */,
				9FB17B371B33325A0044D47C /* SecondViewController.m */,
				9FB17B391B33325A0044D47C /* Main.storyboard */,
				9FB17B3C1B33325A0044D47C /* Images.xcassets */,
				9FB17B3E1B33325A0044D47C /* LaunchScreen.xib */,
				9FB17B2C1B33325A0044D47C /* Supporting Files */,
			);
			path = "Iron Lunch DC";
			sourceTree = "<group>";
		};
		9FB17B2C1B33325A0044D47C /* Supporting Files */ = {
			isa = PBXGroup;
			children = (
				9FB17B2D1B33325A0044D47C /* Info.plist */,
				9FB17B2E1B33325A0044D47C /* main.m */,
			);
			name = "Supporting Files";
			sourceTree = "<group>";
		};
		9FB17B481B33325A0044D47C /* Iron Lunch DCTests */ = {
			isa = PBXGroup;
			children = (
				9FB17B4B1B33325A0044D47C /* Iron_Lunch_DCTests.m */,
				9FB17B491B33325A0044D47C /* Supporting Files */,
			);
			path = "Iron Lunch DCTests";
			sourceTree = "<group>";
		};
		9FB17B491B33325A0044D47C /* Supporting Files */ = {
			isa = PBXGroup;
			children = (
				9FB17B4A1B33325A0044D47C /* Info.plist */,
			);
			name = "Supporting Files";
			sourceTree = "<group>";
		};
/* End PBXGroup section */

/* Begin PBXNativeTarget section */
		9FB17B281B33325A0044D47C /* Iron Lunch DC */ = {
			isa = PBXNativeTarget;
			buildConfigurationList = 9FB17B4F1B33325A0044D47C /* Build configuration list for PBXNativeTarget "Iron Lunch DC" */;
			buildPhases = (
				9FB17B251B33325A0044D47C /* Sources */,
				9FB17B261B33325A0044D47C /* Frameworks */,
				9FB17B271B33325A0044D47C /* Resources */,
			);
			buildRules = (
			);
			dependencies = (
			);
			name = "Iron Lunch DC";
			productName = "Iron Lunch DC";
			productReference = 9FB17B291B33325A0044D47C /* Iron Lunch DC.app */;
			productType = "com.apple.product-type.application";
		};
		9FB17B441B33325A0044D47C /* Iron Lunch DCTests */ = {
			isa = PBXNativeTarget;
			buildConfigurationList = 9FB17B521B33325A0044D47C /* Build configuration list for PBXNativeTarget "Iron Lunch DCTests" */;
			buildPhases = (
				9FB17B411B33325A0044D47C /* Sources */,
				9FB17B421B33325A0044D47C /* Frameworks */,
				9FB17B431B33325A0044D47C /* Resources */,
			);
			buildRules = (
			);
			dependencies = (
				9FB17B471B33325A0044D47C /* PBXTargetDependency */,
			);
			name = "Iron Lunch DCTests";
			productName = "Iron Lunch DCTests";
			productReference = 9FB17B451B33325A0044D47C /* Iron Lunch DCTests.xctest */;
			productType = "com.apple.product-type.bundle.unit-test";
		};
/* End PBXNativeTarget section */

/* Begin PBXProject section */
		9FB17B211B3332590044D47C /* Project object */ = {
			isa = PBXProject;
			attributes = {
				LastUpgradeCheck = 0630;
				ORGANIZATIONNAME = DustinHennessy;
				TargetAttributes = {
					9FB17B281B33325A0044D47C = {
						CreatedOnToolsVersion = 6.3.2;
					};
					9FB17B441B33325A0044D47C = {
						CreatedOnToolsVersion = 6.3.2;
						TestTargetID = 9FB17B281B33325A0044D47C;
					};
				};
			};
			buildConfigurationList = 9FB17B241B3332590044D47C /* Build configuration list for PBXProject "Iron Lunch DC" */;
			compatibilityVersion = "Xcode 3.2";
			developmentRegion = English;
			hasScannedForEncodings = 0;
			knownRegions = (
				en,
				Base,
			);
			mainGroup = 9FB17B201B3332590044D47C;
			productRefGroup = 9FB17B2A1B33325A0044D47C /* Products */;
			projectDirPath = "";
			projectRoot = "";
			targets = (
				9FB17B281B33325A0044D47C /* Iron Lunch DC */,
				9FB17B441B33325A0044D47C /* Iron Lunch DCTests */,
			);
		};
/* End PBXProject section */

/* Begin PBXResourcesBuildPhase section */
		9FB17B271B33325A0044D47C /* Resources */ = {
			isa = PBXResourcesBuildPhase;
			buildActionMask = 2147483647;
			files = (
				9FB17B3B1B33325A0044D47C /* Main.storyboard in Resources */,
				9FB17B401B33325A0044D47C /* LaunchScreen.xib in Resources */,
				9FB17B3D1B33325A0044D47C /* Images.xcassets in Resources */,
			);
			runOnlyForDeploymentPostprocessing = 0;
		};
		9FB17B431B33325A0044D47C /* Resources */ = {
			isa = PBXResourcesBuildPhase;
			buildActionMask = 2147483647;
			files = (
			);
			runOnlyForDeploymentPostprocessing = 0;
		};
/* End PBXResourcesBuildPhase section */

/* Begin PBXSourcesBuildPhase section */
		9FB17B251B33325A0044D47C /* Sources */ = {
			isa = PBXSourcesBuildPhase;
			buildActionMask = 2147483647;
			files = (
				9FB17B381B33325A0044D47C /* SecondViewController.m in Sources */,
				9FB17B321B33325A0044D47C /* AppDelegate.m in Sources */,
				9FB17B351B33325A0044D47C /* FirstViewController.m in Sources */,
				9FB17B2F1B33325A0044D47C /* main.m in Sources */,
			);
			runOnlyForDeploymentPostprocessing = 0;
		};
		9FB17B411B33325A0044D47C /* Sources */ = {
			isa = PBXSourcesBuildPhase;
			buildActionMask = 2147483647;
			files = (
				9FB17B4C1B33325A0044D47C /* Iron_Lunch_DCTests.m in Sources */,
			);
			runOnlyForDeploymentPostprocessing = 0;
		};
/* End PBXSourcesBuildPhase section */

/* Begin PBXTargetDependency section */
		9FB17B471B33325A0044D47C /* PBXTargetDependency */ = {
			isa = PBXTargetDependency;
			target = 9FB17B281B33325A0044D47C /* Iron Lunch DC */;
			targetProxy = 9FB17B461B33325A0044D47C /* PBXContainerItemProxy */;
		};
/* End PBXTargetDependency section */

/* Begin PBXVariantGroup section */
		9FB17B391B33325A0044D47C /* Main.storyboard */ = {
			isa = PBXVariantGroup;
			children = (
				9FB17B3A1B33325A0044D47C /* Base */,
			);
			name = Main.storyboard;
			sourceTree = "<group>";
		};
		9FB17B3E1B33325A0044D47C /* LaunchScreen.xib */ = {
			isa = PBXVariantGroup;
			children = (
				9FB17B3F1B33325A0044D47C /* Base */,
			);
			name = LaunchScreen.xib;
			sourceTree = "<group>";
		};
/* End PBXVariantGroup section */

/* Begin XCBuildConfiguration section */
		9FB17B4D1B33325A0044D47C /* Debug */ = {
			isa = XCBuildConfiguration;
			buildSettings = {
				ALWAYS_SEARCH_USER_PATHS = NO;
				CLANG_CXX_LANGUAGE_STANDARD = "gnu++0x";
				CLANG_CXX_LIBRARY = "libc++";
				CLANG_ENABLE_MODULES = YES;
				CLANG_ENABLE_OBJC_ARC = YES;
				CLANG_WARN_BOOL_CONVERSION = YES;
				CLANG_WARN_CONSTANT_CONVERSION = YES;
				CLANG_WARN_DIRECT_OBJC_ISA_USAGE = YES_ERROR;
				CLANG_WARN_EMPTY_BODY = YES;
				CLANG_WARN_ENUM_CONVERSION = YES;
				CLANG_WARN_INT_CONVERSION = YES;
				CLANG_WARN_OBJC_ROOT_CLASS = YES_ERROR;
				CLANG_WARN_UNREACHABLE_CODE = YES;
				CLANG_WARN__DUPLICATE_METHOD_MATCH = YES;
				"CODE_SIGN_IDENTITY[sdk=iphoneos*]" = "iPhone Developer";
				COPY_PHASE_STRIP = NO;
				DEBUG_INFORMATION_FORMAT = "dwarf-with-dsym";
				ENABLE_STRICT_OBJC_MSGSEND = YES;
				GCC_C_LANGUAGE_STANDARD = gnu99;
				GCC_DYNAMIC_NO_PIC = NO;
				GCC_NO_COMMON_BLOCKS = YES;
				GCC_OPTIMIZATION_LEVEL = 0;
				GCC_PREPROCESSOR_DEFINITIONS = (
					"DEBUG=1",
					"$(inherited)",
				);
				GCC_SYMBOLS_PRIVATE_EXTERN = NO;
				GCC_WARN_64_TO_32_BIT_CONVERSION = YES;
				GCC_WARN_ABOUT_RETURN_TYPE = YES_ERROR;
				GCC_WARN_UNDECLARED_SELECTOR = YES;
				GCC_WARN_UNINITIALIZED_AUTOS = YES_AGGRESSIVE;
				GCC_WARN_UNUSED_FUNCTION = YES;
				GCC_WARN_UNUSED_VARIABLE = YES;
				IPHONEOS_DEPLOYMENT_TARGET = 8.3;
				MTL_ENABLE_DEBUG_INFO = YES;
				ONLY_ACTIVE_ARCH = YES;
				SDKROOT = iphoneos;
			};
			name = Debug;
		};
		9FB17B4E1B33325A0044D47C /* Release */ = {
			isa = XCBuildConfiguration;
			buildSettings = {
				ALWAYS_SEARCH_USER_PATHS = NO;
				CLANG_CXX_LANGUAGE_STANDARD = "gnu++0x";
				CLANG_CXX_LIBRARY = "libc++";
				CLANG_ENABLE_MODULES = YES;
				CLANG_ENABLE_OBJC_ARC = YES;
				CLANG_WARN_BOOL_CONVERSION = YES;
				CLANG_WARN_CONSTANT_CONVERSION = YES;
				CLANG_WARN_DIRECT_OBJC_ISA_USAGE = YES_ERROR;
				CLANG_WARN_EMPTY_BODY = YES;
				CLANG_WARN_ENUM_CONVERSION = YES;
				CLANG_WARN_INT_CONVERSION = YES;
				CLANG_WARN_OBJC_ROOT_CLASS = YES_ERROR;
				CLANG_WARN_UNREACHABLE_CODE = YES;
				CLANG_WARN__DUPLICATE_METHOD_MATCH = YES;
				"CODE_SIGN_IDENTITY[sdk=iphoneos*]" = "iPhone Developer";
				COPY_PHASE_STRIP = NO;
				DEBUG_INFORMATION_FORMAT = "dwarf-with-dsym";
				ENABLE_NS_ASSERTIONS = NO;
				ENABLE_STRICT_OBJC_MSGSEND = YES;
				GCC_C_LANGUAGE_STANDARD = gnu99;
				GCC_NO_COMMON_BLOCKS = YES;
				GCC_WARN_64_TO_32_BIT_CONVERSION = YES;
				GCC_WARN_ABOUT_RETURN_TYPE = YES_ERROR;
				GCC_WARN_UNDECLARED_SELECTOR = YES;
				GCC_WARN_UNINITIALIZED_AUTOS = YES_AGGRESSIVE;
				GCC_WARN_UNUSED_FUNCTION = YES;
				GCC_WARN_UNUSED_VARIABLE = YES;
				IPHONEOS_DEPLOYMENT_TARGET = 8.3;
				MTL_ENABLE_DEBUG_INFO = NO;
				SDKROOT = iphoneos;
				VALIDATE_PRODUCT = YES;
			};
			name = Release;
		};
		9FB17B501B33325A0044D47C /* Debug */ = {
			isa = XCBuildConfiguration;
			buildSettings = {
				ASSETCATALOG_COMPILER_APPICON_NAME = AppIcon;
				INFOPLIST_FILE = "Iron Lunch DC/Info.plist";
				LD_RUNPATH_SEARCH_PATHS = "$(inherited) @executable_path/Frameworks";
				PRODUCT_NAME = "$(TARGET_NAME)";
			};
			name = Debug;
		};
		9FB17B511B33325A0044D47C /* Release */ = {
			isa = XCBuildConfiguration;
			buildSettings = {
				ASSETCATALOG_COMPILER_APPICON_NAME = AppIcon;
				INFOPLIST_FILE = "Iron Lunch DC/Info.plist";
				LD_RUNPATH_SEARCH_PATHS = "$(inherited) @executable_path/Frameworks";
				PRODUCT_NAME = "$(TARGET_NAME)";
			};
			name = Release;
		};
		9FB17B531B33325A0044D47C /* Debug */ = {
			isa = XCBuildConfiguration;
			buildSettings = {
				BUNDLE_LOADER = "$(TEST_HOST)";
				FRAMEWORK_SEARCH_PATHS = (
					"$(SDKROOT)/Developer/Library/Frameworks",
					"$(inherited)",
				);
				GCC_PREPROCESSOR_DEFINITIONS = (
					"DEBUG=1",
					"$(inherited)",
				);
				INFOPLIST_FILE = "Iron Lunch DCTests/Info.plist";
				LD_RUNPATH_SEARCH_PATHS = "$(inherited) @executable_path/Frameworks @loader_path/Frameworks";
				PRODUCT_NAME = "$(TARGET_NAME)";
				TEST_HOST = "$(BUILT_PRODUCTS_DIR)/Iron Lunch DC.app/Iron Lunch DC";
			};
			name = Debug;
		};
		9FB17B541B33325A0044D47C /* Release */ = {
			isa = XCBuildConfiguration;
			buildSettings = {
				BUNDLE_LOADER = "$(TEST_HOST)";
				FRAMEWORK_SEARCH_PATHS = (
					"$(SDKROOT)/Developer/Library/Frameworks",
					"$(inherited)",
				);
				INFOPLIST_FILE = "Iron Lunch DCTests/Info.plist";
				LD_RUNPATH_SEARCH_PATHS = "$(inherited) @executable_path/Frameworks @loader_path/Frameworks";
				PRODUCT_NAME = "$(TARGET_NAME)";
				TEST_HOST = "$(BUILT_PRODUCTS_DIR)/Iron Lunch DC.app/Iron Lunch DC";
			};
			name = Release;
		};
/* End XCBuildConfiguration section */

/* Begin XCConfigurationList section */
		9FB17B241B3332590044D47C /* Build configuration list for PBXProject "Iron Lunch DC" */ = {
			isa = XCConfigurationList;
			buildConfigurations = (
				9FB17B4D1B33325A0044D47C /* Debug */,
				9FB17B4E1B33325A0044D47C /* Release */,
			);
			defaultConfigurationIsVisible = 0;
			defaultConfigurationName = Release;
		};
		9FB17B4F1B33325A0044D47C /* Build configuration list for PBXNativeTarget "Iron Lunch DC" */ = {
			isa = XCConfigurationList;
			buildConfigurations = (
				9FB17B501B33325A0044D47C /* Debug */,
				9FB17B511B33325A0044D47C /* Release */,
			);
			defaultConfigurationIsVisible = 0;
		};
		9FB17B521B33325A0044D47C /* Build configuration list for PBXNativeTarget "Iron Lunch DCTests" */ = {
			isa = XCConfigurationList;
			buildConfigurations = (
				9FB17B531B33325A0044D47C /* Debug */,
				9FB17B541B33325A0044D47C /* Release */,
			);
			defaultConfigurationIsVisible = 0;
		};
/* End XCConfigurationList section */
	};
	rootObject = 9FB17B211B3332590044D47C /* Project object */;
}
